// !$*UTF8*$!
{
	archiveVersion = 1;
	classes = {
	};
	objectVersion = 50;
	objects = {

/* Begin PBXBuildFile section */
		DB47984D2AEF36B800B54F52 /* AppDelegate.swift in Sources */ = {isa = PBXBuildFile; fileRef = DB47984C2AEF36B800B54F52 /* AppDelegate.swift */; };
		DB47984F2AEF36B800B54F52 /* SceneDelegate.swift in Sources */ = {isa = PBXBuildFile; fileRef = DB47984E2AEF36B800B54F52 /* SceneDelegate.swift */; };
		DB4798512AEF36B800B54F52 /* ViewController.swift in Sources */ = {isa = PBXBuildFile; fileRef = DB4798502AEF36B800B54F52 /* ViewController.swift */; };
		DB4798542AEF36B800B54F52 /* Main.storyboard in Resources */ = {isa = PBXBuildFile; fileRef = DB4798522AEF36B800B54F52 /* Main.storyboard */; };
		DB4798572AEF36B800B54F52 /* lab10_PachoSoundBoard.xcdatamodeld in Sources */ = {isa = PBXBuildFile; fileRef = DB4798552AEF36B800B54F52 /* lab10_PachoSoundBoard.xcdatamodeld */; };
		DB4798592AEF36C300B54F52 /* Assets.xcassets in Resources */ = {isa = PBXBuildFile; fileRef = DB4798582AEF36C300B54F52 /* Assets.xcassets */; };
		DB47985C2AEF36C300B54F52 /* LaunchScreen.storyboard in Resources */ = {isa = PBXBuildFile; fileRef = DB47985A2AEF36C300B54F52 /* LaunchScreen.storyboard */; };
/* End PBXBuildFile section */

/* Begin PBXFileReference section */
		DB4798492AEF36B800B54F52 /* lab10-PachoSoundBoard.app */ = {isa = PBXFileReference; explicitFileType = wrapper.application; includeInIndex = 0; path = "lab10-PachoSoundBoard.app"; sourceTree = BUILT_PRODUCTS_DIR; };
		DB47984C2AEF36B800B54F52 /* AppDelegate.swift */ = {isa = PBXFileReference; lastKnownFileType = sourcecode.swift; path = AppDelegate.swift; sourceTree = "<group>"; };
		DB47984E2AEF36B800B54F52 /* SceneDelegate.swift */ = {isa = PBXFileReference; lastKnownFileType = sourcecode.swift; path = SceneDelegate.swift; sourceTree = "<group>"; };
		DB4798502AEF36B800B54F52 /* ViewController.swift */ = {isa = PBXFileReference; lastKnownFileType = sourcecode.swift; path = ViewController.swift; sourceTree = "<group>"; };
		DB4798532AEF36B800B54F52 /* Base */ = {isa = PBXFileReference; lastKnownFileType = file.storyboard; name = Base; path = Base.lproj/Main.storyboard; sourceTree = "<group>"; };
		DB4798562AEF36B800B54F52 /* lab10_PachoSoundBoard.xcdatamodel */ = {isa = PBXFileReference; lastKnownFileType = wrapper.xcdatamodel; path = lab10_PachoSoundBoard.xcdatamodel; sourceTree = "<group>"; };
		DB4798582AEF36C300B54F52 /* Assets.xcassets */ = {isa = PBXFileReference; lastKnownFileType = folder.assetcatalog; path = Assets.xcassets; sourceTree = "<group>"; };
		DB47985B2AEF36C300B54F52 /* Base */ = {isa = PBXFileReference; lastKnownFileType = file.storyboard; name = Base; path = Base.lproj/LaunchScreen.storyboard; sourceTree = "<group>"; };
		DB47985D2AEF36C300B54F52 /* Info.plist */ = {isa = PBXFileReference; lastKnownFileType = text.plist.xml; path = Info.plist; sourceTree = "<group>"; };
/* End PBXFileReference section */

/* Begin PBXFrameworksBuildPhase section */
		DB4798462AEF36B800B54F52 /* Frameworks */ = {
			isa = PBXFrameworksBuildPhase;
			buildActionMask = 2147483647;
			files = (
			);
			runOnlyForDeploymentPostprocessing = 0;
		};
/* End PBXFrameworksBuildPhase section */

/* Begin PBXGroup section */
		DB4798402AEF36B800B54F52 = {
			isa = PBXGroup;
			children = (
				DB47984B2AEF36B800B54F52 /* lab10-PachoSoundBoard */,
				DB47984A2AEF36B800B54F52 /* Products */,
			);
			sourceTree = "<group>";
		};
		DB47984A2AEF36B800B54F52 /* Products */ = {
			isa = PBXGroup;
			children = (
				DB4798492AEF36B800B54F52 /* lab10-PachoSoundBoard.app */,
			);
			name = Products;
			sourceTree = "<group>";
		};
		DB47984B2AEF36B800B54F52 /* lab10-PachoSoundBoard */ = {
			isa = PBXGroup;
			children = (
				DB47984C2AEF36B800B54F52 /* AppDelegate.swift */,
				DB47984E2AEF36B800B54F52 /* SceneDelegate.swift */,
				DB4798502AEF36B800B54F52 /* ViewController.swift */,
				DB4798522AEF36B800B54F52 /* Main.storyboard */,
				DB4798582AEF36C300B54F52 /* Assets.xcassets */,
				DB47985A2AEF36C300B54F52 /* LaunchScreen.storyboard */,
				DB47985D2AEF36C300B54F52 /* Info.plist */,
				DB4798552AEF36B800B54F52 /* lab10_PachoSoundBoard.xcdatamodeld */,
			);
			path = "lab10-PachoSoundBoard";
			sourceTree = "<group>";
		};
/* End PBXGroup section */

/* Begin PBXNativeTarget section */
		DB4798482AEF36B800B54F52 /* lab10-PachoSoundBoard */ = {
			isa = PBXNativeTarget;
			buildConfigurationList = DB4798602AEF36C300B54F52 /* Build configuration list for PBXNativeTarget "lab10-PachoSoundBoard" */;
			buildPhases = (
				DB4798452AEF36B800B54F52 /* Sources */,
				DB4798462AEF36B800B54F52 /* Frameworks */,
				DB4798472AEF36B800B54F52 /* Resources */,
			);
			buildRules = (
			);
			dependencies = (
			);
			name = "lab10-PachoSoundBoard";
			productName = "lab10-PachoSoundBoard";
			productReference = DB4798492AEF36B800B54F52 /* lab10-PachoSoundBoard.app */;
			productType = "com.apple.product-type.application";
		};
/* End PBXNativeTarget section */

/* Begin PBXProject section */
		DB4798412AEF36B800B54F52 /* Project object */ = {
			isa = PBXProject;
			attributes = {
				LastSwiftUpdateCheck = 1130;
				LastUpgradeCheck = 1130;
				ORGANIZATIONNAME = cesar;
				TargetAttributes = {
					DB4798482AEF36B800B54F52 = {
						CreatedOnToolsVersion = 11.3.1;
					};
				};
			};
			buildConfigurationList = DB4798442AEF36B800B54F52 /* Build configuration list for PBXProject "lab10-PachoSoundBoard" */;
			compatibilityVersion = "Xcode 9.3";
			developmentRegion = en;
			hasScannedForEncodings = 0;
			knownRegions = (
				en,
				Base,
			);
			mainGroup = DB4798402AEF36B800B54F52;
			productRefGroup = DB47984A2AEF36B800B54F52 /* Products */;
			projectDirPath = "";
			projectRoot = "";
			targets = (
				DB4798482AEF36B800B54F52 /* lab10-PachoSoundBoard */,
			);
		};
/* End PBXProject section */

/* Begin PBXResourcesBuildPhase section */
		DB4798472AEF36B800B54F52 /* Resources */ = {
			isa = PBXResourcesBuildPhase;
			buildActionMask = 2147483647;
			files = (
				DB47985C2AEF36C300B54F52 /* LaunchScreen.storyboard in Resources */,
				DB4798592AEF36C300B54F52 /* Assets.xcassets in Resources */,
				DB4798542AEF36B800B54F52 /* Main.storyboard in Resources */,
			);
			runOnlyForDeploymentPostprocessing = 0;
		};
/* End PBXResourcesBuildPhase section */

/* Begin PBXSourcesBuildPhase section */
		DB4798452AEF36B800B54F52 /* Sources */ = {
			isa = PBXSourcesBuildPhase;
			buildActionMask = 2147483647;
			files = (
				DB4798512AEF36B800B54F52 /* ViewController.swift in Sources */,
				DB4798572AEF36B800B54F52 /* lab10_PachoSoundBoard.xcdatamodeld in Sources */,
				DB47984D2AEF36B800B54F52 /* AppDelegate.swift in Sources */,
				DB47984F2AEF36B800B54F52 /* SceneDelegate.swift in Sources */,
			);
			runOnlyForDeploymentPostprocessing = 0;
		};
/* End PBXSourcesBuildPhase section */

/* Begin PBXVariantGroup section */
		DB4798522AEF36B800B54F52 /* Main.storyboard */ = {
			isa = PBXVariantGroup;
			children = (
				DB4798532AEF36B800B54F52 /* Base */,
			);
			name = Main.storyboard;
			sourceTree = "<group>";
		};
		DB47985A2AEF36C300B54F52 /* LaunchScreen.storyboard */ = {
			isa = PBXVariantGroup;
			children = (
				DB47985B2AEF36C300B54F52 /* Base */,
			);
			name = LaunchScreen.storyboard;
			sourceTree = "<group>";
		};
/* End PBXVariantGroup section */

/* Begin XCBuildConfiguration section */
		DB47985E2AEF36C300B54F52 /* Debug */ = {
			isa = XCBuildConfiguration;
			buildSettings = {
				ALWAYS_SEARCH_USER_PATHS = NO;
				CLANG_ANALYZER_NONNULL = YES;
				CLANG_ANALYZER_NUMBER_OBJECT_CONVERSION = YES_AGGRESSIVE;
				CLANG_CXX_LANGUAGE_STANDARD = "gnu++14";
				CLANG_CXX_LIBRARY = "libc++";
				CLANG_ENABLE_MODULES = YES;
				CLANG_ENABLE_OBJC_ARC = YES;
				CLANG_ENABLE_OBJC_WEAK = YES;
				CLANG_WARN_BLOCK_CAPTURE_AUTORELEASING = YES;
				CLANG_WARN_BOOL_CONVERSION = YES;
				CLANG_WARN_COMMA = YES;
				CLANG_WARN_CONSTANT_CONVERSION = YES;
				CLANG_WARN_DEPRECATED_OBJC_IMPLEMENTATIONS = YES;
				CLANG_WARN_DIRECT_OBJC_ISA_USAGE = YES_ERROR;
				CLANG_WARN_DOCUMENTATION_COMMENTS = YES;
				CLANG_WARN_EMPTY_BODY = YES;
				CLANG_WARN_ENUM_CONVERSION = YES;
				CLANG_WARN_INFINITE_RECURSION = YES;
				CLANG_WARN_INT_CONVERSION = YES;
				CLANG_WARN_NON_LITERAL_NULL_CONVERSION = YES;
				CLANG_WARN_OBJC_IMPLICIT_RETAIN_SELF = YES;
				CLANG_WARN_OBJC_LITERAL_CONVERSION = YES;
				CLANG_WARN_OBJC_ROOT_CLASS = YES_ERROR;
				CLANG_WARN_RANGE_LOOP_ANALYSIS = YES;
				CLANG_WARN_STRICT_PROTOTYPES = YES;
				CLANG_WARN_SUSPICIOUS_MOVE = YES;
				CLANG_WARN_UNGUARDED_AVAILABILITY = YES_AGGRESSIVE;
				CLANG_WARN_UNREACHABLE_CODE = YES;
				CLANG_WARN__DUPLICATE_METHOD_MATCH = YES;
				COPY_PHASE_STRIP = NO;
				DEBUG_INFORMATION_FORMAT = dwarf;
				ENABLE_STRICT_OBJC_MSGSEND = YES;
				ENABLE_TESTABILITY = YES;
				GCC_C_LANGUAGE_STANDARD = gnu11;
				GCC_DYNAMIC_NO_PIC = NO;
				GCC_NO_COMMON_BLOCKS = YES;
				GCC_OPTIMIZATION_LEVEL = 0;
				GCC_PREPROCESSOR_DEFINITIONS = (
					"DEBUG=1",
					"$(inherited)",
				);
				GCC_WARN_64_TO_32_BIT_CONVERSION = YES;
				GCC_WARN_ABOUT_RETURN_TYPE = YES_ERROR;
				GCC_WARN_UNDECLARED_SELECTOR = YES;
				GCC_WARN_UNINITIALIZED_AUTOS = YES_AGGRESSIVE;
				GCC_WARN_UNUSED_FUNCTION = YES;
				GCC_WARN_UNUSED_VARIABLE = YES;
				IPHONEOS_DEPLOYMENT_TARGET = 13.2;
				MTL_ENABLE_DEBUG_INFO = INCLUDE_SOURCE;
				MTL_FAST_MATH = YES;
				ONLY_ACTIVE_ARCH = YES;
				SDKROOT = iphoneos;
				SWIFT_ACTIVE_COMPILATION_CONDITIONS = DEBUG;
				SWIFT_OPTIMIZATION_LEVEL = "-Onone";
			};
			name = Debug;
		};
		DB47985F2AEF36C300B54F52 /* Release */ = {
			isa = XCBuildConfiguration;
			buildSettings = {
				ALWAYS_SEARCH_USER_PATHS = NO;
				CLANG_ANALYZER_NONNULL = YES;
				CLANG_ANALYZER_NUMBER_OBJECT_CONVERSION = YES_AGGRESSIVE;
				CLANG_CXX_LANGUAGE_STANDARD = "gnu++14";
				CLANG_CXX_LIBRARY = "libc++";
				CLANG_ENABLE_MODULES = YES;
				CLANG_ENABLE_OBJC_ARC = YES;
				CLANG_ENABLE_OBJC_WEAK = YES;
				CLANG_WARN_BLOCK_CAPTURE_AUTORELEASING = YES;
				CLANG_WARN_BOOL_CONVERSION = YES;
				CLANG_WARN_COMMA = YES;
				CLANG_WARN_CONSTANT_CONVERSION = YES;
				CLANG_WARN_DEPRECATED_OBJC_IMPLEMENTATIONS = YES;
				CLANG_WARN_DIRECT_OBJC_ISA_USAGE = YES_ERROR;
				CLANG_WARN_DOCUMENTATION_COMMENTS = YES;
				CLANG_WARN_EMPTY_BODY = YES;
				CLANG_WARN_ENUM_CONVERSION = YES;
				CLANG_WARN_INFINITE_RECURSION = YES;
				CLANG_WARN_INT_CONVERSION = YES;
				CLANG_WARN_NON_LITERAL_NULL_CONVERSION = YES;
				CLANG_WARN_OBJC_IMPLICIT_RETAIN_SELF = YES;
				CLANG_WARN_OBJC_LITERAL_CONVERSION = YES;
				CLANG_WARN_OBJC_ROOT_CLASS = YES_ERROR;
				CLANG_WARN_RANGE_LOOP_ANALYSIS = YES;
				CLANG_WARN_STRICT_PROTOTYPES = YES;
				CLANG_WARN_SUSPICIOUS_MOVE = YES;
				CLANG_WARN_UNGUARDED_AVAILABILITY = YES_AGGRESSIVE;
				CLANG_WARN_UNREACHABLE_CODE = YES;
				CLANG_WARN__DUPLICATE_METHOD_MATCH = YES;
				COPY_PHASE_STRIP = NO;
				DEBUG_INFORMATION_FORMAT = "dwarf-with-dsym";
				ENABLE_NS_ASSERTIONS = NO;
				ENABLE_STRICT_OBJC_MSGSEND = YES;
				GCC_C_LANGUAGE_STANDARD = gnu11;
				GCC_NO_COMMON_BLOCKS = YES;
				GCC_WARN_64_TO_32_BIT_CONVERSION = YES;
				GCC_WARN_ABOUT_RETURN_TYPE = YES_ERROR;
				GCC_WARN_UNDECLARED_SELECTOR = YES;
				GCC_WARN_UNINITIALIZED_AUTOS = YES_AGGRESSIVE;
				GCC_WARN_UNUSED_FUNCTION = YES;
				GCC_WARN_UNUSED_VARIABLE = YES;
				IPHONEOS_DEPLOYMENT_TARGET = 13.2;
				MTL_ENABLE_DEBUG_INFO = NO;
				MTL_FAST_MATH = YES;
				SDKROOT = iphoneos;
				SWIFT_COMPILATION_MODE = wholemodule;
				SWIFT_OPTIMIZATION_LEVEL = "-O";
				VALIDATE_PRODUCT = YES;
			};
			name = Release;
		};
		DB4798612AEF36C300B54F52 /* Debug */ = {
			isa = XCBuildConfiguration;
			buildSettings = {
				ASSETCATALOG_COMPILER_APPICON_NAME = AppIcon;
				CODE_SIGN_STYLE = Automatic;
				INFOPLIST_FILE = "lab10-PachoSoundBoard/Info.plist";
				LD_RUNPATH_SEARCH_PATHS = (
					"$(inherited)",
					"@executable_path/Frameworks",
				);
				PRODUCT_BUNDLE_IDENTIFIER = "cesar.lab10-PachoSoundBoard";
				PRODUCT_NAME = "$(TARGET_NAME)";
				SWIFT_VERSION = 5.0;
				TARGETED_DEVICE_FAMILY = "1,2";
			};
			name = Debug;
		};
		DB4798622AEF36C300B54F52 /* Release */ = {
			isa = XCBuildConfiguration;
			buildSettings = {
				ASSETCATALOG_COMPILER_APPICON_NAME = AppIcon;
				CODE_SIGN_STYLE = Automatic;
				INFOPLIST_FILE = "lab10-PachoSoundBoard/Info.plist";
				LD_RUNPATH_SEARCH_PATHS = (
					"$(inherited)",
					"@executable_path/Frameworks",
				);
				PRODUCT_BUNDLE_IDENTIFIER = "cesar.lab10-PachoSoundBoard";
				PRODUCT_NAME = "$(TARGET_NAME)";
				SWIFT_VERSION = 5.0;
				TARGETED_DEVICE_FAMILY = "1,2";
			};
			name = Release;
		};
/* End XCBuildConfiguration section */

/* Begin XCConfigurationList section */
		DB4798442AEF36B800B54F52 /* Build configuration list for PBXProject "lab10-PachoSoundBoard" */ = {
			isa = XCConfigurationList;
			buildConfigurations = (
				DB47985E2AEF36C300B54F52 /* Debug */,
				DB47985F2AEF36C300B54F52 /* Release */,
			);
			defaultConfigurationIsVisible = 0;
			defaultConfigurationName = Release;
		};
		DB4798602AEF36C300B54F52 /* Build configuration list for PBXNativeTarget "lab10-PachoSoundBoard" */ = {
			isa = XCConfigurationList;
			buildConfigurations = (
				DB4798612AEF36C300B54F52 /* Debug */,
				DB4798622AEF36C300B54F52 /* Release */,
			);
			defaultConfigurationIsVisible = 0;
			defaultConfigurationName = Release;
		};
/* End XCConfigurationList section */

/* Begin XCVersionGroup section */
		DB4798552AEF36B800B54F52 /* lab10_PachoSoundBoard.xcdatamodeld */ = {
			isa = XCVersionGroup;
			children = (
				DB4798562AEF36B800B54F52 /* lab10_PachoSoundBoard.xcdatamodel */,
			);
			currentVersion = DB4798562AEF36B800B54F52 /* lab10_PachoSoundBoard.xcdatamodel */;
			path = lab10_PachoSoundBoard.xcdatamodeld;
			sourceTree = "<group>";
			versionGroupType = wrapper.xcdatamodel;
		};
/* End XCVersionGroup section */
	};
	rootObject = DB4798412AEF36B800B54F52 /* Project object */;
}
